
Microsoft Visual Studio Solution File, Format Version 12.00
# Visual Studio Version 17
VisualStudioVersion = 17.3.32825.248
MinimumVisualStudioVersion = 10.0.40219.1
Project("{FAE04EC0-301F-11D3-BF4B-00C04F79EFBC}") = "FlameShotGame", "FlameShotGame.csproj", "{D954F774-9811-4372-B541-7D73E7A0DF80}"
EndProject
Global
	GlobalSection(SolutionConfigurationPlatforms) = preSolution
		Debug|Any CPU = Debug|Any CPU
		Release|Any CPU = Release|Any CPU
	EndGlobalSection
	GlobalSection(ProjectConfigurationPlatforms) = postSolution
		{D954F774-9811-4372-B541-7D73E7A0DF80}.Debug|Any CPU.ActiveCfg = Debug|Any CPU
		{D954F774-9811-4372-B541-7D73E7A0DF80}.Debug|Any CPU.Build.0 = Debug|Any CPU
		{D954F774-9811-4372-B541-7D73E7A0DF80}.Release|Any CPU.ActiveCfg = Release|Any CPU
		{D954F774-9811-4372-B541-7D73E7A0DF80}.Release|Any CPU.Build.0 = Release|Any CPU
	EndGlobalSection
	GlobalSection(SolutionProperties) = preSolution
		HideSolutionNode = FALSE
	EndGlobalSection
	GlobalSection(ExtensibilityGlobals) = postSolution
		SolutionGuid = {A7190069-A79C-4F28-BAB9-EE5C058E7BA2}
	EndGlobalSection
EndGlobal
